
Microsoft Visual Studio Solution File, Format Version 12.00
# Visual Studio 2013
VisualStudioVersion = 12.0.30110.0
MinimumVisualStudioVersion = 10.0.40219.1
Project("{FAE04EC0-301F-11D3-BF4B-00C04F79EFBC}") = "FileCombiner", "FileCombiner\FileCombiner.csproj", "{38CD0D1C-C56F-438A-BDFB-092A57AEB1D5}"
EndProject
Project("{FAE04EC0-301F-11D3-BF4B-00C04F79EFBC}") = "Frapper", "frapper\Frapper\Frapper.csproj", "{DB80BB06-3C17-43F7-9226-FEF3DE6F7617}"
EndProject
Project("{FAE04EC0-301F-11D3-BF4B-00C04F79EFBC}") = "EnumUtilities", "EnumUtilities\EnumUtilities.csproj", "{73F0D388-A089-4C9D-8E3B-4098271E505D}"
EndProject
Project("{FAE04EC0-301F-11D3-BF4B-00C04F79EFBC}") = "FfmpegCommander", "FfmpegCommander\FfmpegCommander.csproj", "{8546A028-CF39-48FB-BC0F-55E4239102AC}"
EndProject
Project("{FAE04EC0-301F-11D3-BF4B-00C04F79EFBC}") = "StreamingFileCombineInterface", "StreamingFileCombineInterface\StreamingFileCombineInterface.csproj", "{15D80364-601D-4531-BD04-5B3A09126129}"
EndProject
Global
	GlobalSection(SolutionConfigurationPlatforms) = preSolution
		Debug|Any CPU = Debug|Any CPU
		Release|Any CPU = Release|Any CPU
	EndGlobalSection
	GlobalSection(ProjectConfigurationPlatforms) = postSolution
		{38CD0D1C-C56F-438A-BDFB-092A57AEB1D5}.Debug|Any CPU.ActiveCfg = Debug|Any CPU
		{38CD0D1C-C56F-438A-BDFB-092A57AEB1D5}.Debug|Any CPU.Build.0 = Debug|Any CPU
		{38CD0D1C-C56F-438A-BDFB-092A57AEB1D5}.Release|Any CPU.ActiveCfg = Release|Any CPU
		{38CD0D1C-C56F-438A-BDFB-092A57AEB1D5}.Release|Any CPU.Build.0 = Release|Any CPU
		{DB80BB06-3C17-43F7-9226-FEF3DE6F7617}.Debug|Any CPU.ActiveCfg = Debug|Any CPU
		{DB80BB06-3C17-43F7-9226-FEF3DE6F7617}.Debug|Any CPU.Build.0 = Debug|Any CPU
		{DB80BB06-3C17-43F7-9226-FEF3DE6F7617}.Release|Any CPU.ActiveCfg = Release|Any CPU
		{DB80BB06-3C17-43F7-9226-FEF3DE6F7617}.Release|Any CPU.Build.0 = Release|Any CPU
		{73F0D388-A089-4C9D-8E3B-4098271E505D}.Debug|Any CPU.ActiveCfg = Debug|Any CPU
		{73F0D388-A089-4C9D-8E3B-4098271E505D}.Debug|Any CPU.Build.0 = Debug|Any CPU
		{73F0D388-A089-4C9D-8E3B-4098271E505D}.Release|Any CPU.ActiveCfg = Release|Any CPU
		{73F0D388-A089-4C9D-8E3B-4098271E505D}.Release|Any CPU.Build.0 = Release|Any CPU
		{8546A028-CF39-48FB-BC0F-55E4239102AC}.Debug|Any CPU.ActiveCfg = Debug|Any CPU
		{8546A028-CF39-48FB-BC0F-55E4239102AC}.Debug|Any CPU.Build.0 = Debug|Any CPU
		{8546A028-CF39-48FB-BC0F-55E4239102AC}.Release|Any CPU.ActiveCfg = Release|Any CPU
		{8546A028-CF39-48FB-BC0F-55E4239102AC}.Release|Any CPU.Build.0 = Release|Any CPU
		{15D80364-601D-4531-BD04-5B3A09126129}.Debug|Any CPU.ActiveCfg = Debug|Any CPU
		{15D80364-601D-4531-BD04-5B3A09126129}.Debug|Any CPU.Build.0 = Debug|Any CPU
		{15D80364-601D-4531-BD04-5B3A09126129}.Release|Any CPU.ActiveCfg = Release|Any CPU
		{15D80364-601D-4531-BD04-5B3A09126129}.Release|Any CPU.Build.0 = Release|Any CPU
	EndGlobalSection
	GlobalSection(SolutionProperties) = preSolution
		HideSolutionNode = FALSE
	EndGlobalSection
EndGlobal
